// !$*UTF8*$!
{
	archiveVersion = 1;
	classes = {
	};
	objectVersion = 48;
	objects = {

/* Begin PBXBuildFile section */
		D326B4D52060B81200D8EAEE /* SFReplicatorDemoViewController.m in Sources */ = {isa = PBXBuildFile; fileRef = D326B4D32060B81200D8EAEE /* SFReplicatorDemoViewController.m */; };
		D326B4D62060B81200D8EAEE /* SFReplicatorDemoViewController.xib in Resources */ = {isa = PBXBuildFile; fileRef = D326B4D42060B81200D8EAEE /* SFReplicatorDemoViewController.xib */; };
		D326B4DA2060B82A00D8EAEE /* SFVCView.m in Sources */ = {isa = PBXBuildFile; fileRef = D326B4D92060B82A00D8EAEE /* SFVCView.m */; };
		D326B4E92060C09100D8EAEE /* SFParticleEffectsViewController.m in Sources */ = {isa = PBXBuildFile; fileRef = D326B4E72060C09100D8EAEE /* SFParticleEffectsViewController.m */; };
		D326B4EA2060C09100D8EAEE /* SFParticleEffectsViewController.xib in Resources */ = {isa = PBXBuildFile; fileRef = D326B4E82060C09100D8EAEE /* SFParticleEffectsViewController.xib */; };
		D326B4F02060C84A00D8EAEE /* SFParticleEffectsView.m in Sources */ = {isa = PBXBuildFile; fileRef = D326B4EF2060C84A00D8EAEE /* SFParticleEffectsView.m */; };
		D33737222064956E00D927A2 /* SFExchangeMethodViewController.m in Sources */ = {isa = PBXBuildFile; fileRef = D33737202064956E00D927A2 /* SFExchangeMethodViewController.m */; };
		D33737232064956E00D927A2 /* SFExchangeMethodViewController.xib in Resources */ = {isa = PBXBuildFile; fileRef = D33737212064956E00D927A2 /* SFExchangeMethodViewController.xib */; };
		D33737272064957E00D927A2 /* SFDynamicAddMethodViewController.m in Sources */ = {isa = PBXBuildFile; fileRef = D33737252064957D00D927A2 /* SFDynamicAddMethodViewController.m */; };
		D33737282064957E00D927A2 /* SFDynamicAddMethodViewController.xib in Resources */ = {isa = PBXBuildFile; fileRef = D33737262064957D00D927A2 /* SFDynamicAddMethodViewController.xib */; };
		D337372C2064958D00D927A2 /* SFDynamicAddPropertyViewController.m in Sources */ = {isa = PBXBuildFile; fileRef = D337372A2064958D00D927A2 /* SFDynamicAddPropertyViewController.m */; };
		D337372D2064958D00D927A2 /* SFDynamicAddPropertyViewController.xib in Resources */ = {isa = PBXBuildFile; fileRef = D337372B2064958D00D927A2 /* SFDynamicAddPropertyViewController.xib */; };
		D33737302064966000D927A2 /* UIImage+SFImage.m in Sources */ = {isa = PBXBuildFile; fileRef = D337372F2064966000D927A2 /* UIImage+SFImage.m */; };
		D3373736206496C200D927A2 /* Person.m in Sources */ = {isa = PBXBuildFile; fileRef = D3373735206496C200D927A2 /* Person.m */; };
		D33737392064975100D927A2 /* NSObject+SFProperty.m in Sources */ = {isa = PBXBuildFile; fileRef = D33737382064975100D927A2 /* NSObject+SFProperty.m */; };
		D337373E2064A02200D927A2 /* SFAutoPropertyCodeViewController.m in Sources */ = {isa = PBXBuildFile; fileRef = D337373C2064A02200D927A2 /* SFAutoPropertyCodeViewController.m */; };
		D337373F2064A02200D927A2 /* SFAutoPropertyCodeViewController.xib in Resources */ = {isa = PBXBuildFile; fileRef = D337373D2064A02200D927A2 /* SFAutoPropertyCodeViewController.xib */; };
		D33737452064B18B00D927A2 /* property.plist in Resources */ = {isa = PBXBuildFile; fileRef = D33737442064B18B00D927A2 /* property.plist */; };
		D33737492064B20900D927A2 /* SFProperty.m in Sources */ = {isa = PBXBuildFile; fileRef = D33737482064B20900D927A2 /* SFProperty.m */; };
		D337374D2064B45200D927A2 /* NSDictionary+Property.m in Sources */ = {isa = PBXBuildFile; fileRef = D337374C2064B45200D927A2 /* NSDictionary+Property.m */; };
		D337375F2064EA4700D927A2 /* SFDictToModelViewController.m in Sources */ = {isa = PBXBuildFile; fileRef = D337375D2064EA4700D927A2 /* SFDictToModelViewController.m */; };
		D33737602064EA4700D927A2 /* SFDictToModelViewController.xib in Resources */ = {isa = PBXBuildFile; fileRef = D337375E2064EA4700D927A2 /* SFDictToModelViewController.xib */; };
		D33737642064EA6900D927A2 /* NSObject+Model.m in Sources */ = {isa = PBXBuildFile; fileRef = D33737632064EA6900D927A2 /* NSObject+Model.m */; };
		D33737682064EDDC00D927A2 /* SFPerson.m in Sources */ = {isa = PBXBuildFile; fileRef = D33737672064EDDC00D927A2 /* SFPerson.m */; };
		D337376C2064F8C300D927A2 /* person.plist in Resources */ = {isa = PBXBuildFile; fileRef = D337376B2064F8C300D927A2 /* person.plist */; };
		D337376F2064F8D800D927A2 /* SFBody.m in Sources */ = {isa = PBXBuildFile; fileRef = D337376E2064F8D800D927A2 /* SFBody.m */; };
		D36901192047925D00EBD20F /* SingletonModeTool.m in Sources */ = {isa = PBXBuildFile; fileRef = D36901182047925D00EBD20F /* SingletonModeTool.m */; };
		D3BEF4BD204642BA00904267 /* AppDelegate.m in Sources */ = {isa = PBXBuildFile; fileRef = D3BEF4BC204642BA00904267 /* AppDelegate.m */; };
		D3BEF4C5204642BA00904267 /* Assets.xcassets in Resources */ = {isa = PBXBuildFile; fileRef = D3BEF4C4204642BA00904267 /* Assets.xcassets */; };
		D3BEF4C8204642BA00904267 /* LaunchScreen.storyboard in Resources */ = {isa = PBXBuildFile; fileRef = D3BEF4C6204642BA00904267 /* LaunchScreen.storyboard */; };
		D3BEF4CB204642BA00904267 /* main.m in Sources */ = {isa = PBXBuildFile; fileRef = D3BEF4CA204642BA00904267 /* main.m */; };
		D3BEF4DF2046437900904267 /* SFBaseViewController.m in Sources */ = {isa = PBXBuildFile; fileRef = D3BEF4DE2046437900904267 /* SFBaseViewController.m */; };
		D3BEF4E22046438900904267 /* SFTabBarController.m in Sources */ = {isa = PBXBuildFile; fileRef = D3BEF4E12046438900904267 /* SFTabBarController.m */; };
		D3BEF4E52046439600904267 /* SFTipsViewController.m in Sources */ = {isa = PBXBuildFile; fileRef = D3BEF4E42046439600904267 /* SFTipsViewController.m */; };
		D3BEF4E8204643A900904267 /* SFTipsNavigationController.m in Sources */ = {isa = PBXBuildFile; fileRef = D3BEF4E7204643A900904267 /* SFTipsNavigationController.m */; };
		D3BEF4EB2046449700904267 /* SFNetworkNavigationController.m in Sources */ = {isa = PBXBuildFile; fileRef = D3BEF4EA2046449700904267 /* SFNetworkNavigationController.m */; };
		D3BEF4EE204644A500904267 /* SFNetworkViewController.m in Sources */ = {isa = PBXBuildFile; fileRef = D3BEF4ED204644A500904267 /* SFNetworkViewController.m */; };
		D3BEF4F1204644B400904267 /* SFUIKitViewController.m in Sources */ = {isa = PBXBuildFile; fileRef = D3BEF4F0204644B400904267 /* SFUIKitViewController.m */; };
		D3BEF4F4204644C300904267 /* SFUIKitNavigationController.m in Sources */ = {isa = PBXBuildFile; fileRef = D3BEF4F3204644C300904267 /* SFUIKitNavigationController.m */; };
		D3BEF4F8204649FE00904267 /* SFSingletonModeViewController.m in Sources */ = {isa = PBXBuildFile; fileRef = D3BEF4F6204649FE00904267 /* SFSingletonModeViewController.m */; };
		D3BEF4F9204649FE00904267 /* SFSingletonModeViewController.xib in Resources */ = {isa = PBXBuildFile; fileRef = D3BEF4F7204649FE00904267 /* SFSingletonModeViewController.xib */; };
		D3BEF4FE204656D700904267 /* Foundation+Log.m in Sources */ = {isa = PBXBuildFile; fileRef = D3BEF4FD204656D700904267 /* Foundation+Log.m */; };
		D3BEF50420465BAC00904267 /* SFGCDViewController.m in Sources */ = {isa = PBXBuildFile; fileRef = D3BEF50220465BAC00904267 /* SFGCDViewController.m */; };
		D3BEF50520465BAC00904267 /* SFGCDViewController.xib in Resources */ = {isa = PBXBuildFile; fileRef = D3BEF50320465BAC00904267 /* SFGCDViewController.xib */; };
		D3D65C19205A10A0000554CE /* SFSendMsgViewController.m in Sources */ = {isa = PBXBuildFile; fileRef = D3D65C17205A10A0000554CE /* SFSendMsgViewController.m */; };
		D3D65C1A205A10A0000554CE /* SFSendMsgViewController.xib in Resources */ = {isa = PBXBuildFile; fileRef = D3D65C18205A10A0000554CE /* SFSendMsgViewController.xib */; };
		D3D65C55205A22B4000554CE /* SFRuntimeViewController.m in Sources */ = {isa = PBXBuildFile; fileRef = D3D65C54205A22B4000554CE /* SFRuntimeViewController.m */; };
/* End PBXBuildFile section */

/* Begin PBXFileReference section */
		D326B4D22060B81200D8EAEE /* SFReplicatorDemoViewController.h */ = {isa = PBXFileReference; lastKnownFileType = sourcecode.c.h; path = SFReplicatorDemoViewController.h; sourceTree = "<group>"; };
		D326B4D32060B81200D8EAEE /* SFReplicatorDemoViewController.m */ = {isa = PBXFileReference; lastKnownFileType = sourcecode.c.objc; path = SFReplicatorDemoViewController.m; sourceTree = "<group>"; };
		D326B4D42060B81200D8EAEE /* SFReplicatorDemoViewController.xib */ = {isa = PBXFileReference; lastKnownFileType = file.xib; path = SFReplicatorDemoViewController.xib; sourceTree = "<group>"; };
		D326B4D82060B82A00D8EAEE /* SFVCView.h */ = {isa = PBXFileReference; lastKnownFileType = sourcecode.c.h; path = SFVCView.h; sourceTree = "<group>"; };
		D326B4D92060B82A00D8EAEE /* SFVCView.m */ = {isa = PBXFileReference; lastKnownFileType = sourcecode.c.objc; path = SFVCView.m; sourceTree = "<group>"; };
		D326B4E62060C09100D8EAEE /* SFParticleEffectsViewController.h */ = {isa = PBXFileReference; lastKnownFileType = sourcecode.c.h; path = SFParticleEffectsViewController.h; sourceTree = "<group>"; };
		D326B4E72060C09100D8EAEE /* SFParticleEffectsViewController.m */ = {isa = PBXFileReference; lastKnownFileType = sourcecode.c.objc; path = SFParticleEffectsViewController.m; sourceTree = "<group>"; };
		D326B4E82060C09100D8EAEE /* SFParticleEffectsViewController.xib */ = {isa = PBXFileReference; lastKnownFileType = file.xib; path = SFParticleEffectsViewController.xib; sourceTree = "<group>"; };
		D326B4EE2060C84A00D8EAEE /* SFParticleEffectsView.h */ = {isa = PBXFileReference; lastKnownFileType = sourcecode.c.h; path = SFParticleEffectsView.h; sourceTree = "<group>"; };
		D326B4EF2060C84A00D8EAEE /* SFParticleEffectsView.m */ = {isa = PBXFileReference; lastKnownFileType = sourcecode.c.objc; path = SFParticleEffectsView.m; sourceTree = "<group>"; };
		D337371F2064956E00D927A2 /* SFExchangeMethodViewController.h */ = {isa = PBXFileReference; lastKnownFileType = sourcecode.c.h; path = SFExchangeMethodViewController.h; sourceTree = "<group>"; };
		D33737202064956E00D927A2 /* SFExchangeMethodViewController.m */ = {isa = PBXFileReference; lastKnownFileType = sourcecode.c.objc; path = SFExchangeMethodViewController.m; sourceTree = "<group>"; };
		D33737212064956E00D927A2 /* SFExchangeMethodViewController.xib */ = {isa = PBXFileReference; lastKnownFileType = file.xib; path = SFExchangeMethodViewController.xib; sourceTree = "<group>"; };
		D33737242064957D00D927A2 /* SFDynamicAddMethodViewController.h */ = {isa = PBXFileReference; lastKnownFileType = sourcecode.c.h; path = SFDynamicAddMethodViewController.h; sourceTree = "<group>"; };
		D33737252064957D00D927A2 /* SFDynamicAddMethodViewController.m */ = {isa = PBXFileReference; lastKnownFileType = sourcecode.c.objc; path = SFDynamicAddMethodViewController.m; sourceTree = "<group>"; };
		D33737262064957D00D927A2 /* SFDynamicAddMethodViewController.xib */ = {isa = PBXFileReference; lastKnownFileType = file.xib; path = SFDynamicAddMethodViewController.xib; sourceTree = "<group>"; };
		D33737292064958D00D927A2 /* SFDynamicAddPropertyViewController.h */ = {isa = PBXFileReference; lastKnownFileType = sourcecode.c.h; path = SFDynamicAddPropertyViewController.h; sourceTree = "<group>"; };
		D337372A2064958D00D927A2 /* SFDynamicAddPropertyViewController.m */ = {isa = PBXFileReference; lastKnownFileType = sourcecode.c.objc; path = SFDynamicAddPropertyViewController.m; sourceTree = "<group>"; };
		D337372B2064958D00D927A2 /* SFDynamicAddPropertyViewController.xib */ = {isa = PBXFileReference; lastKnownFileType = file.xib; path = SFDynamicAddPropertyViewController.xib; sourceTree = "<group>"; };
		D337372E2064966000D927A2 /* UIImage+SFImage.h */ = {isa = PBXFileReference; fileEncoding = 4; lastKnownFileType = sourcecode.c.h; path = "UIImage+SFImage.h"; sourceTree = "<group>"; };
		D337372F2064966000D927A2 /* UIImage+SFImage.m */ = {isa = PBXFileReference; fileEncoding = 4; lastKnownFileType = sourcecode.c.objc; path = "UIImage+SFImage.m"; sourceTree = "<group>"; };
		D3373734206496C200D927A2 /* Person.h */ = {isa = PBXFileReference; fileEncoding = 4; lastKnownFileType = sourcecode.c.h; path = Person.h; sourceTree = "<group>"; };
		D3373735206496C200D927A2 /* Person.m */ = {isa = PBXFileReference; fileEncoding = 4; lastKnownFileType = sourcecode.c.objc; path = Person.m; sourceTree = "<group>"; };
		D33737372064975100D927A2 /* NSObject+SFProperty.h */ = {isa = PBXFileReference; lastKnownFileType = sourcecode.c.h; path = "NSObject+SFProperty.h"; sourceTree = "<group>"; };
		D33737382064975100D927A2 /* NSObject+SFProperty.m */ = {isa = PBXFileReference; lastKnownFileType = sourcecode.c.objc; path = "NSObject+SFProperty.m"; sourceTree = "<group>"; };
		D337373B2064A02200D927A2 /* SFAutoPropertyCodeViewController.h */ = {isa = PBXFileReference; lastKnownFileType = sourcecode.c.h; path = SFAutoPropertyCodeViewController.h; sourceTree = "<group>"; };
		D337373C2064A02200D927A2 /* SFAutoPropertyCodeViewController.m */ = {isa = PBXFileReference; lastKnownFileType = sourcecode.c.objc; path = SFAutoPropertyCodeViewController.m; sourceTree = "<group>"; };
		D337373D2064A02200D927A2 /* SFAutoPropertyCodeViewController.xib */ = {isa = PBXFileReference; lastKnownFileType = file.xib; path = SFAutoPropertyCodeViewController.xib; sourceTree = "<group>"; };
		D33737442064B18B00D927A2 /* property.plist */ = {isa = PBXFileReference; fileEncoding = 4; lastKnownFileType = text.plist.xml; path = property.plist; sourceTree = "<group>"; };
		D33737472064B20900D927A2 /* SFProperty.h */ = {isa = PBXFileReference; lastKnownFileType = sourcecode.c.h; path = SFProperty.h; sourceTree = "<group>"; };
		D33737482064B20900D927A2 /* SFProperty.m */ = {isa = PBXFileReference; lastKnownFileType = sourcecode.c.objc; path = SFProperty.m; sourceTree = "<group>"; };
		D337374B2064B45200D927A2 /* NSDictionary+Property.h */ = {isa = PBXFileReference; lastKnownFileType = sourcecode.c.h; path = "NSDictionary+Property.h"; sourceTree = "<group>"; };
		D337374C2064B45200D927A2 /* NSDictionary+Property.m */ = {isa = PBXFileReference; lastKnownFileType = sourcecode.c.objc; path = "NSDictionary+Property.m"; sourceTree = "<group>"; };
		D337375C2064EA4700D927A2 /* SFDictToModelViewController.h */ = {isa = PBXFileReference; lastKnownFileType = sourcecode.c.h; path = SFDictToModelViewController.h; sourceTree = "<group>"; };
		D337375D2064EA4700D927A2 /* SFDictToModelViewController.m */ = {isa = PBXFileReference; lastKnownFileType = sourcecode.c.objc; path = SFDictToModelViewController.m; sourceTree = "<group>"; };
		D337375E2064EA4700D927A2 /* SFDictToModelViewController.xib */ = {isa = PBXFileReference; lastKnownFileType = file.xib; path = SFDictToModelViewController.xib; sourceTree = "<group>"; };
		D33737622064EA6900D927A2 /* NSObject+Model.h */ = {isa = PBXFileReference; fileEncoding = 4; lastKnownFileType = sourcecode.c.h; path = "NSObject+Model.h"; sourceTree = "<group>"; };
		D33737632064EA6900D927A2 /* NSObject+Model.m */ = {isa = PBXFileReference; fileEncoding = 4; lastKnownFileType = sourcecode.c.objc; path = "NSObject+Model.m"; sourceTree = "<group>"; };
		D33737662064EDDC00D927A2 /* SFPerson.h */ = {isa = PBXFileReference; lastKnownFileType = sourcecode.c.h; path = SFPerson.h; sourceTree = "<group>"; };
		D33737672064EDDC00D927A2 /* SFPerson.m */ = {isa = PBXFileReference; lastKnownFileType = sourcecode.c.objc; path = SFPerson.m; sourceTree = "<group>"; };
		D337376B2064F8C300D927A2 /* person.plist */ = {isa = PBXFileReference; fileEncoding = 4; lastKnownFileType = text.plist.xml; path = person.plist; sourceTree = "<group>"; };
		D337376D2064F8D800D927A2 /* SFBody.h */ = {isa = PBXFileReference; lastKnownFileType = sourcecode.c.h; path = SFBody.h; sourceTree = "<group>"; };
		D337376E2064F8D800D927A2 /* SFBody.m */ = {isa = PBXFileReference; lastKnownFileType = sourcecode.c.objc; path = SFBody.m; sourceTree = "<group>"; };
		D36901172047925D00EBD20F /* SingletonModeTool.h */ = {isa = PBXFileReference; lastKnownFileType = sourcecode.c.h; path = SingletonModeTool.h; sourceTree = "<group>"; };
		D36901182047925D00EBD20F /* SingletonModeTool.m */ = {isa = PBXFileReference; lastKnownFileType = sourcecode.c.objc; path = SingletonModeTool.m; sourceTree = "<group>"; };
		D3BEF4B8204642BA00904267 /* iOSTips.app */ = {isa = PBXFileReference; explicitFileType = wrapper.application; includeInIndex = 0; path = iOSTips.app; sourceTree = BUILT_PRODUCTS_DIR; };
		D3BEF4BB204642BA00904267 /* AppDelegate.h */ = {isa = PBXFileReference; lastKnownFileType = sourcecode.c.h; path = AppDelegate.h; sourceTree = "<group>"; };
		D3BEF4BC204642BA00904267 /* AppDelegate.m */ = {isa = PBXFileReference; lastKnownFileType = sourcecode.c.objc; path = AppDelegate.m; sourceTree = "<group>"; };
		D3BEF4C4204642BA00904267 /* Assets.xcassets */ = {isa = PBXFileReference; lastKnownFileType = folder.assetcatalog; path = Assets.xcassets; sourceTree = "<group>"; };
		D3BEF4C7204642BA00904267 /* Base */ = {isa = PBXFileReference; lastKnownFileType = file.storyboard; name = Base; path = Base.lproj/LaunchScreen.storyboard; sourceTree = "<group>"; };
		D3BEF4C9204642BA00904267 /* Info.plist */ = {isa = PBXFileReference; lastKnownFileType = text.plist.xml; path = Info.plist; sourceTree = "<group>"; };
		D3BEF4CA204642BA00904267 /* main.m */ = {isa = PBXFileReference; lastKnownFileType = sourcecode.c.objc; path = main.m; sourceTree = "<group>"; };
		D3BEF4DD2046437900904267 /* SFBaseViewController.h */ = {isa = PBXFileReference; lastKnownFileType = sourcecode.c.h; path = SFBaseViewController.h; sourceTree = "<group>"; };
		D3BEF4DE2046437900904267 /* SFBaseViewController.m */ = {isa = PBXFileReference; lastKnownFileType = sourcecode.c.objc; path = SFBaseViewController.m; sourceTree = "<group>"; };
		D3BEF4E02046438900904267 /* SFTabBarController.h */ = {isa = PBXFileReference; lastKnownFileType = sourcecode.c.h; path = SFTabBarController.h; sourceTree = "<group>"; };
		D3BEF4E12046438900904267 /* SFTabBarController.m */ = {isa = PBXFileReference; lastKnownFileType = sourcecode.c.objc; path = SFTabBarController.m; sourceTree = "<group>"; };
		D3BEF4E32046439600904267 /* SFTipsViewController.h */ = {isa = PBXFileReference; lastKnownFileType = sourcecode.c.h; path = SFTipsViewController.h; sourceTree = "<group>"; };
		D3BEF4E42046439600904267 /* SFTipsViewController.m */ = {isa = PBXFileReference; lastKnownFileType = sourcecode.c.objc; path = SFTipsViewController.m; sourceTree = "<group>"; };
		D3BEF4E6204643A900904267 /* SFTipsNavigationController.h */ = {isa = PBXFileReference; lastKnownFileType = sourcecode.c.h; path = SFTipsNavigationController.h; sourceTree = "<group>"; };
		D3BEF4E7204643A900904267 /* SFTipsNavigationController.m */ = {isa = PBXFileReference; lastKnownFileType = sourcecode.c.objc; path = SFTipsNavigationController.m; sourceTree = "<group>"; };
		D3BEF4E92046449700904267 /* SFNetworkNavigationController.h */ = {isa = PBXFileReference; lastKnownFileType = sourcecode.c.h; path = SFNetworkNavigationController.h; sourceTree = "<group>"; };
		D3BEF4EA2046449700904267 /* SFNetworkNavigationController.m */ = {isa = PBXFileReference; lastKnownFileType = sourcecode.c.objc; path = SFNetworkNavigationController.m; sourceTree = "<group>"; };
		D3BEF4EC204644A500904267 /* SFNetworkViewController.h */ = {isa = PBXFileReference; lastKnownFileType = sourcecode.c.h; path = SFNetworkViewController.h; sourceTree = "<group>"; };
		D3BEF4ED204644A500904267 /* SFNetworkViewController.m */ = {isa = PBXFileReference; lastKnownFileType = sourcecode.c.objc; path = SFNetworkViewController.m; sourceTree = "<group>"; };
		D3BEF4EF204644B400904267 /* SFUIKitViewController.h */ = {isa = PBXFileReference; lastKnownFileType = sourcecode.c.h; path = SFUIKitViewController.h; sourceTree = "<group>"; };
		D3BEF4F0204644B400904267 /* SFUIKitViewController.m */ = {isa = PBXFileReference; lastKnownFileType = sourcecode.c.objc; path = SFUIKitViewController.m; sourceTree = "<group>"; };
		D3BEF4F2204644C300904267 /* SFUIKitNavigationController.h */ = {isa = PBXFileReference; lastKnownFileType = sourcecode.c.h; path = SFUIKitNavigationController.h; sourceTree = "<group>"; };
		D3BEF4F3204644C300904267 /* SFUIKitNavigationController.m */ = {isa = PBXFileReference; lastKnownFileType = sourcecode.c.objc; path = SFUIKitNavigationController.m; sourceTree = "<group>"; };
		D3BEF4F5204649FE00904267 /* SFSingletonModeViewController.h */ = {isa = PBXFileReference; lastKnownFileType = sourcecode.c.h; path = SFSingletonModeViewController.h; sourceTree = "<group>"; };
		D3BEF4F6204649FE00904267 /* SFSingletonModeViewController.m */ = {isa = PBXFileReference; lastKnownFileType = sourcecode.c.objc; path = SFSingletonModeViewController.m; sourceTree = "<group>"; };
		D3BEF4F7204649FE00904267 /* SFSingletonModeViewController.xib */ = {isa = PBXFileReference; lastKnownFileType = file.xib; path = SFSingletonModeViewController.xib; sourceTree = "<group>"; };
		D3BEF4FD204656D700904267 /* Foundation+Log.m */ = {isa = PBXFileReference; fileEncoding = 4; lastKnownFileType = sourcecode.c.objc; path = "Foundation+Log.m"; sourceTree = "<group>"; };
		D3BEF50120465BAC00904267 /* SFGCDViewController.h */ = {isa = PBXFileReference; lastKnownFileType = sourcecode.c.h; path = SFGCDViewController.h; sourceTree = "<group>"; };
		D3BEF50220465BAC00904267 /* SFGCDViewController.m */ = {isa = PBXFileReference; lastKnownFileType = sourcecode.c.objc; path = SFGCDViewController.m; sourceTree = "<group>"; };
		D3BEF50320465BAC00904267 /* SFGCDViewController.xib */ = {isa = PBXFileReference; lastKnownFileType = file.xib; path = SFGCDViewController.xib; sourceTree = "<group>"; };
		D3D65C16205A10A0000554CE /* SFSendMsgViewController.h */ = {isa = PBXFileReference; lastKnownFileType = sourcecode.c.h; path = SFSendMsgViewController.h; sourceTree = "<group>"; };
		D3D65C17205A10A0000554CE /* SFSendMsgViewController.m */ = {isa = PBXFileReference; lastKnownFileType = sourcecode.c.objc; path = SFSendMsgViewController.m; sourceTree = "<group>"; };
		D3D65C18205A10A0000554CE /* SFSendMsgViewController.xib */ = {isa = PBXFileReference; lastKnownFileType = file.xib; path = SFSendMsgViewController.xib; sourceTree = "<group>"; };
		D3D65C53205A22B4000554CE /* SFRuntimeViewController.h */ = {isa = PBXFileReference; lastKnownFileType = sourcecode.c.h; path = SFRuntimeViewController.h; sourceTree = "<group>"; };
		D3D65C54205A22B4000554CE /* SFRuntimeViewController.m */ = {isa = PBXFileReference; lastKnownFileType = sourcecode.c.objc; path = SFRuntimeViewController.m; sourceTree = "<group>"; };
/* End PBXFileReference section */

/* Begin PBXFrameworksBuildPhase section */
		D3BEF4B5204642BA00904267 /* Frameworks */ = {
			isa = PBXFrameworksBuildPhase;
			buildActionMask = 2147483647;
			files = (
			);
			runOnlyForDeploymentPostprocessing = 0;
		};
/* End PBXFrameworksBuildPhase section */

/* Begin PBXGroup section */
		D326B4CF2060B7FC00D8EAEE /* UIKit */ = {
			isa = PBXGroup;
			children = (
				D326B4D02060B7FC00D8EAEE /* CoreAnimation */,
			);
			path = UIKit;
			sourceTree = "<group>";
		};
		D326B4D02060B7FC00D8EAEE /* CoreAnimation */ = {
			isa = PBXGroup;
			children = (
				D326B4E42060C06F00D8EAEE /* ParticleEffects */,
				D326B4D12060B7FC00D8EAEE /* ReplicatorDemo */,
			);
			path = CoreAnimation;
			sourceTree = "<group>";
		};
		D326B4D12060B7FC00D8EAEE /* ReplicatorDemo */ = {
			isa = PBXGroup;
			children = (
				D326B4D72060B82200D8EAEE /* View */,
				D326B4D22060B81200D8EAEE /* SFReplicatorDemoViewController.h */,
				D326B4D32060B81200D8EAEE /* SFReplicatorDemoViewController.m */,
				D326B4D42060B81200D8EAEE /* SFReplicatorDemoViewController.xib */,
			);
			path = ReplicatorDemo;
			sourceTree = "<group>";
		};
		D326B4D72060B82200D8EAEE /* View */ = {
			isa = PBXGroup;
			children = (
				D326B4D82060B82A00D8EAEE /* SFVCView.h */,
				D326B4D92060B82A00D8EAEE /* SFVCView.m */,
			);
			path = View;
			sourceTree = "<group>";
		};
		D326B4E42060C06F00D8EAEE /* ParticleEffects */ = {
			isa = PBXGroup;
			children = (
				D326B4E52060C07C00D8EAEE /* View */,
				D326B4E62060C09100D8EAEE /* SFParticleEffectsViewController.h */,
				D326B4E72060C09100D8EAEE /* SFParticleEffectsViewController.m */,
				D326B4E82060C09100D8EAEE /* SFParticleEffectsViewController.xib */,
			);
			path = ParticleEffects;
			sourceTree = "<group>";
		};
		D326B4E52060C07C00D8EAEE /* View */ = {
			isa = PBXGroup;
			children = (
				D326B4EE2060C84A00D8EAEE /* SFParticleEffectsView.h */,
				D326B4EF2060C84A00D8EAEE /* SFParticleEffectsView.m */,
			);
			path = View;
			sourceTree = "<group>";
		};
		D337371C2064954700D927A2 /* ExchangeMethod */ = {
			isa = PBXGroup;
			children = (
				D337371F2064956E00D927A2 /* SFExchangeMethodViewController.h */,
				D33737202064956E00D927A2 /* SFExchangeMethodViewController.m */,
				D33737212064956E00D927A2 /* SFExchangeMethodViewController.xib */,
				D337372E2064966000D927A2 /* UIImage+SFImage.h */,
				D337372F2064966000D927A2 /* UIImage+SFImage.m */,
			);
			path = ExchangeMethod;
			sourceTree = "<group>";
		};
		D337371D2064954700D927A2 /* DynamicAddMethod */ = {
			isa = PBXGroup;
			children = (
				D33737242064957D00D927A2 /* SFDynamicAddMethodViewController.h */,
				D33737252064957D00D927A2 /* SFDynamicAddMethodViewController.m */,
				D33737262064957D00D927A2 /* SFDynamicAddMethodViewController.xib */,
				D3373734206496C200D927A2 /* Person.h */,
				D3373735206496C200D927A2 /* Person.m */,
			);
			path = DynamicAddMethod;
			sourceTree = "<group>";
		};
		D337371E2064954700D927A2 /* DynamicAddProperty */ = {
			isa = PBXGroup;
			children = (
				D33737292064958D00D927A2 /* SFDynamicAddPropertyViewController.h */,
				D337372A2064958D00D927A2 /* SFDynamicAddPropertyViewController.m */,
				D337372B2064958D00D927A2 /* SFDynamicAddPropertyViewController.xib */,
				D33737372064975100D927A2 /* NSObject+SFProperty.h */,
				D33737382064975100D927A2 /* NSObject+SFProperty.m */,
			);
			path = DynamicAddProperty;
			sourceTree = "<group>";
		};
		D337373A20649FDF00D927A2 /* AutoPropertyCode */ = {
			isa = PBXGroup;
			children = (
				D337373B2064A02200D927A2 /* SFAutoPropertyCodeViewController.h */,
				D337373C2064A02200D927A2 /* SFAutoPropertyCodeViewController.m */,
				D337373D2064A02200D927A2 /* SFAutoPropertyCodeViewController.xib */,
				D33737442064B18B00D927A2 /* property.plist */,
				D33737462064B1F400D927A2 /* Model */,
				D337374A2064B41100D927A2 /* AutoGeneratePropertyCode */,
			);
			path = AutoPropertyCode;
			sourceTree = "<group>";
		};
		D33737462064B1F400D927A2 /* Model */ = {
			isa = PBXGroup;
			children = (
				D33737472064B20900D927A2 /* SFProperty.h */,
				D33737482064B20900D927A2 /* SFProperty.m */,
			);
			path = Model;
			sourceTree = "<group>";
		};
		D337374A2064B41100D927A2 /* AutoGeneratePropertyCode */ = {
			isa = PBXGroup;
			children = (
				D337374B2064B45200D927A2 /* NSDictionary+Property.h */,
				D337374C2064B45200D927A2 /* NSDictionary+Property.m */,
			);
			path = AutoGeneratePropertyCode;
			sourceTree = "<group>";
		};
		D337375B2064EA3A00D927A2 /* DictToModel */ = {
			isa = PBXGroup;
			children = (
				D337375C2064EA4700D927A2 /* SFDictToModelViewController.h */,
				D337375D2064EA4700D927A2 /* SFDictToModelViewController.m */,
				D337375E2064EA4700D927A2 /* SFDictToModelViewController.xib */,
				D33737612064EA6900D927A2 /* RuntimeModel */,
				D33737652064EDC900D927A2 /* Model */,
			);
			path = DictToModel;
			sourceTree = "<group>";
		};
		D33737612064EA6900D927A2 /* RuntimeModel */ = {
			isa = PBXGroup;
			children = (
				D33737622064EA6900D927A2 /* NSObject+Model.h */,
				D33737632064EA6900D927A2 /* NSObject+Model.m */,
			);
			path = RuntimeModel;
			sourceTree = "<group>";
		};
		D33737652064EDC900D927A2 /* Model */ = {
			isa = PBXGroup;
			children = (
				D33737662064EDDC00D927A2 /* SFPerson.h */,
				D33737672064EDDC00D927A2 /* SFPerson.m */,
				D337376B2064F8C300D927A2 /* person.plist */,
				D337376D2064F8D800D927A2 /* SFBody.h */,
				D337376E2064F8D800D927A2 /* SFBody.m */,
			);
			path = Model;
			sourceTree = "<group>";
		};
		D3BEF4AF204642BA00904267 = {
			isa = PBXGroup;
			children = (
				D3BEF4BA204642BA00904267 /* iOSTips */,
				D3BEF4B9204642BA00904267 /* Products */,
			);
			sourceTree = "<group>";
		};
		D3BEF4B9204642BA00904267 /* Products */ = {
			isa = PBXGroup;
			children = (
				D3BEF4B8204642BA00904267 /* iOSTips.app */,
			);
			name = Products;
			sourceTree = "<group>";
		};
		D3BEF4BA204642BA00904267 /* iOSTips */ = {
			isa = PBXGroup;
			children = (
				D3BEF4D42046433600904267 /* Main */,
				D3BEF4D12046433600904267 /* Module */,
				D3BEF4FC204656D700904267 /* Category */,
				D3BEF4BB204642BA00904267 /* AppDelegate.h */,
				D3BEF4BC204642BA00904267 /* AppDelegate.m */,
				D3BEF4C4204642BA00904267 /* Assets.xcassets */,
				D3BEF4C6204642BA00904267 /* LaunchScreen.storyboard */,
				D3BEF4C9204642BA00904267 /* Info.plist */,
				D3BEF4CA204642BA00904267 /* main.m */,
			);
			path = iOSTips;
			sourceTree = "<group>";
		};
		D3BEF4D12046433600904267 /* Module */ = {
			isa = PBXGroup;
			children = (
				D326B4CF2060B7FC00D8EAEE /* UIKit */,
				D3D65C14205A1086000554CE /* Runtime */,
				D3BEF4FF20465B6000904267 /* Network */,
				D3BEF4D22046433600904267 /* Tips */,
			);
			path = Module;
			sourceTree = "<group>";
		};
		D3BEF4D22046433600904267 /* Tips */ = {
			isa = PBXGroup;
			children = (
				D337373A20649FDF00D927A2 /* AutoPropertyCode */,
				D3BEF4D32046433600904267 /* SingletonMode */,
			);
			path = Tips;
			sourceTree = "<group>";
		};
		D3BEF4D32046433600904267 /* SingletonMode */ = {
			isa = PBXGroup;
			children = (
				D3BEF4F5204649FE00904267 /* SFSingletonModeViewController.h */,
				D3BEF4F6204649FE00904267 /* SFSingletonModeViewController.m */,
				D3BEF4F7204649FE00904267 /* SFSingletonModeViewController.xib */,
				D36901172047925D00EBD20F /* SingletonModeTool.h */,
				D36901182047925D00EBD20F /* SingletonModeTool.m */,
			);
			path = SingletonMode;
			sourceTree = "<group>";
		};
		D3BEF4D42046433600904267 /* Main */ = {
			isa = PBXGroup;
			children = (
				D3BEF4D92046433600904267 /* Base */,
				D3BEF4D72046433600904267 /* RootVC */,
				D3BEF4D52046433600904267 /* UIKit */,
				D3BEF4D62046433600904267 /* Network */,
				D3BEF4D82046433600904267 /* Tips */,
			);
			path = Main;
			sourceTree = "<group>";
		};
		D3BEF4D52046433600904267 /* UIKit */ = {
			isa = PBXGroup;
			children = (
				D3BEF4EF204644B400904267 /* SFUIKitViewController.h */,
				D3BEF4F0204644B400904267 /* SFUIKitViewController.m */,
				D3BEF4F2204644C300904267 /* SFUIKitNavigationController.h */,
				D3BEF4F3204644C300904267 /* SFUIKitNavigationController.m */,
			);
			path = UIKit;
			sourceTree = "<group>";
		};
		D3BEF4D62046433600904267 /* Network */ = {
			isa = PBXGroup;
			children = (
				D3BEF4E92046449700904267 /* SFNetworkNavigationController.h */,
				D3BEF4EA2046449700904267 /* SFNetworkNavigationController.m */,
				D3BEF4EC204644A500904267 /* SFNetworkViewController.h */,
				D3BEF4ED204644A500904267 /* SFNetworkViewController.m */,
			);
			path = Network;
			sourceTree = "<group>";
		};
		D3BEF4D72046433600904267 /* RootVC */ = {
			isa = PBXGroup;
			children = (
				D3BEF4E02046438900904267 /* SFTabBarController.h */,
				D3BEF4E12046438900904267 /* SFTabBarController.m */,
			);
			path = RootVC;
			sourceTree = "<group>";
		};
		D3BEF4D82046433600904267 /* Tips */ = {
			isa = PBXGroup;
			children = (
				D3BEF4E32046439600904267 /* SFTipsViewController.h */,
				D3BEF4E42046439600904267 /* SFTipsViewController.m */,
				D3BEF4E6204643A900904267 /* SFTipsNavigationController.h */,
				D3BEF4E7204643A900904267 /* SFTipsNavigationController.m */,
			);
			path = Tips;
			sourceTree = "<group>";
		};
		D3BEF4D92046433600904267 /* Base */ = {
			isa = PBXGroup;
			children = (
				D3BEF4DD2046437900904267 /* SFBaseViewController.h */,
				D3BEF4DE2046437900904267 /* SFBaseViewController.m */,
			);
			path = Base;
			sourceTree = "<group>";
		};
		D3BEF4FC204656D700904267 /* Category */ = {
			isa = PBXGroup;
			children = (
				D3BEF4FD204656D700904267 /* Foundation+Log.m */,
			);
			path = Category;
			sourceTree = "<group>";
		};
		D3BEF4FF20465B6000904267 /* Network */ = {
			isa = PBXGroup;
			children = (
				D3BEF50020465B6000904267 /* GCD */,
			);
			path = Network;
			sourceTree = "<group>";
		};
		D3BEF50020465B6000904267 /* GCD */ = {
			isa = PBXGroup;
			children = (
				D3BEF50120465BAC00904267 /* SFGCDViewController.h */,
				D3BEF50220465BAC00904267 /* SFGCDViewController.m */,
				D3BEF50320465BAC00904267 /* SFGCDViewController.xib */,
			);
			path = GCD;
			sourceTree = "<group>";
		};
		D3D65C14205A1086000554CE /* Runtime */ = {
			isa = PBXGroup;
			children = (
				D3D65C53205A22B4000554CE /* SFRuntimeViewController.h */,
				D3D65C54205A22B4000554CE /* SFRuntimeViewController.m */,
				D337375B2064EA3A00D927A2 /* DictToModel */,
				D3D65C15205A1086000554CE /* SendMessage */,
				D337371C2064954700D927A2 /* ExchangeMethod */,
				D337371D2064954700D927A2 /* DynamicAddMethod */,
				D337371E2064954700D927A2 /* DynamicAddProperty */,
			);
			path = Runtime;
			sourceTree = "<group>";
		};
		D3D65C15205A1086000554CE /* SendMessage */ = {
			isa = PBXGroup;
			children = (
				D3D65C16205A10A0000554CE /* SFSendMsgViewController.h */,
				D3D65C17205A10A0000554CE /* SFSendMsgViewController.m */,
				D3D65C18205A10A0000554CE /* SFSendMsgViewController.xib */,
			);
			path = SendMessage;
			sourceTree = "<group>";
		};
/* End PBXGroup section */

/* Begin PBXNativeTarget section */
		D3BEF4B7204642BA00904267 /* iOSTips */ = {
			isa = PBXNativeTarget;
			buildConfigurationList = D3BEF4CE204642BA00904267 /* Build configuration list for PBXNativeTarget "iOSTips" */;
			buildPhases = (
				D3BEF4B4204642BA00904267 /* Sources */,
				D3BEF4B5204642BA00904267 /* Frameworks */,
				D3BEF4B6204642BA00904267 /* Resources */,
			);
			buildRules = (
			);
			dependencies = (
			);
			name = iOSTips;
			productName = iOSTips;
			productReference = D3BEF4B8204642BA00904267 /* iOSTips.app */;
			productType = "com.apple.product-type.application";
		};
/* End PBXNativeTarget section */

/* Begin PBXProject section */
		D3BEF4B0204642BA00904267 /* Project object */ = {
			isa = PBXProject;
			attributes = {
				CLASSPREFIX = SF;
				LastUpgradeCheck = 0920;
				ORGANIZATIONNAME = "Brian Inc.";
				TargetAttributes = {
					D3BEF4B7204642BA00904267 = {
						CreatedOnToolsVersion = 9.2;
						ProvisioningStyle = Automatic;
					};
				};
			};
			buildConfigurationList = D3BEF4B3204642BA00904267 /* Build configuration list for PBXProject "iOSTips" */;
			compatibilityVersion = "Xcode 8.0";
			developmentRegion = en;
			hasScannedForEncodings = 0;
			knownRegions = (
				en,
				Base,
			);
			mainGroup = D3BEF4AF204642BA00904267;
			productRefGroup = D3BEF4B9204642BA00904267 /* Products */;
			projectDirPath = "";
			projectRoot = "";
			targets = (
				D3BEF4B7204642BA00904267 /* iOSTips */,
			);
		};
/* End PBXProject section */

/* Begin PBXResourcesBuildPhase section */
		D3BEF4B6204642BA00904267 /* Resources */ = {
			isa = PBXResourcesBuildPhase;
			buildActionMask = 2147483647;
			files = (
				D337373F2064A02200D927A2 /* SFAutoPropertyCodeViewController.xib in Resources */,
				D33737602064EA4700D927A2 /* SFDictToModelViewController.xib in Resources */,
				D3BEF4C8204642BA00904267 /* LaunchScreen.storyboard in Resources */,
				D3BEF4F9204649FE00904267 /* SFSingletonModeViewController.xib in Resources */,
				D3D65C1A205A10A0000554CE /* SFSendMsgViewController.xib in Resources */,
				D33737232064956E00D927A2 /* SFExchangeMethodViewController.xib in Resources */,
				D337372D2064958D00D927A2 /* SFDynamicAddPropertyViewController.xib in Resources */,
				D33737282064957E00D927A2 /* SFDynamicAddMethodViewController.xib in Resources */,
				D33737452064B18B00D927A2 /* property.plist in Resources */,
				D326B4D62060B81200D8EAEE /* SFReplicatorDemoViewController.xib in Resources */,
				D326B4EA2060C09100D8EAEE /* SFParticleEffectsViewController.xib in Resources */,
				D337376C2064F8C300D927A2 /* person.plist in Resources */,
				D3BEF50520465BAC00904267 /* SFGCDViewController.xib in Resources */,
				D3BEF4C5204642BA00904267 /* Assets.xcassets in Resources */,
			);
			runOnlyForDeploymentPostprocessing = 0;
		};
/* End PBXResourcesBuildPhase section */

/* Begin PBXSourcesBuildPhase section */
		D3BEF4B4204642BA00904267 /* Sources */ = {
			isa = PBXSourcesBuildPhase;
			buildActionMask = 2147483647;
			files = (
				D3D65C55205A22B4000554CE /* SFRuntimeViewController.m in Sources */,
				D36901192047925D00EBD20F /* SingletonModeTool.m in Sources */,
				D326B4DA2060B82A00D8EAEE /* SFVCView.m in Sources */,
				D3BEF4EB2046449700904267 /* SFNetworkNavigationController.m in Sources */,
				D33737272064957E00D927A2 /* SFDynamicAddMethodViewController.m in Sources */,
				D3BEF4F1204644B400904267 /* SFUIKitViewController.m in Sources */,
				D3373736206496C200D927A2 /* Person.m in Sources */,
				D326B4E92060C09100D8EAEE /* SFParticleEffectsViewController.m in Sources */,
				D326B4D52060B81200D8EAEE /* SFReplicatorDemoViewController.m in Sources */,
				D3BEF50420465BAC00904267 /* SFGCDViewController.m in Sources */,
				D3BEF4F8204649FE00904267 /* SFSingletonModeViewController.m in Sources */,
				D337376F2064F8D800D927A2 /* SFBody.m in Sources */,
				D337375F2064EA4700D927A2 /* SFDictToModelViewController.m in Sources */,
				D3BEF4E52046439600904267 /* SFTipsViewController.m in Sources */,
				D3BEF4F4204644C300904267 /* SFUIKitNavigationController.m in Sources */,
				D33737492064B20900D927A2 /* SFProperty.m in Sources */,
				D3BEF4E22046438900904267 /* SFTabBarController.m in Sources */,
				D3BEF4DF2046437900904267 /* SFBaseViewController.m in Sources */,
				D3BEF4CB204642BA00904267 /* main.m in Sources */,
				D33737302064966000D927A2 /* UIImage+SFImage.m in Sources */,
				D3D65C19205A10A0000554CE /* SFSendMsgViewController.m in Sources */,
				D337372C2064958D00D927A2 /* SFDynamicAddPropertyViewController.m in Sources */,
				D33737682064EDDC00D927A2 /* SFPerson.m in Sources */,
				D3BEF4E8204643A900904267 /* SFTipsNavigationController.m in Sources */,
				D3BEF4EE204644A500904267 /* SFNetworkViewController.m in Sources */,
				D33737392064975100D927A2 /* NSObject+SFProperty.m in Sources */,
				D337374D2064B45200D927A2 /* NSDictionary+Property.m in Sources */,
				D33737222064956E00D927A2 /* SFExchangeMethodViewController.m in Sources */,
				D3BEF4BD204642BA00904267 /* AppDelegate.m in Sources */,
				D337373E2064A02200D927A2 /* SFAutoPropertyCodeViewController.m in Sources */,
				D326B4F02060C84A00D8EAEE /* SFParticleEffectsView.m in Sources */,
				D3BEF4FE204656D700904267 /* Foundation+Log.m in Sources */,
				D33737642064EA6900D927A2 /* NSObject+Model.m in Sources */,
			);
			runOnlyForDeploymentPostprocessing = 0;
		};
/* End PBXSourcesBuildPhase section */

/* Begin PBXVariantGroup section */
		D3BEF4C6204642BA00904267 /* LaunchScreen.storyboard */ = {
			isa = PBXVariantGroup;
			children = (
				D3BEF4C7204642BA00904267 /* Base */,
			);
			name = LaunchScreen.storyboard;
			sourceTree = "<group>";
		};
/* End PBXVariantGroup section */

/* Begin XCBuildConfiguration section */
		D3BEF4CC204642BA00904267 /* Debug */ = {
			isa = XCBuildConfiguration;
			buildSettings = {
				ALWAYS_SEARCH_USER_PATHS = NO;
				CLANG_ANALYZER_NONNULL = YES;
				CLANG_ANALYZER_NUMBER_OBJECT_CONVERSION = YES_AGGRESSIVE;
				CLANG_CXX_LANGUAGE_STANDARD = "gnu++14";
				CLANG_CXX_LIBRARY = "libc++";
				CLANG_ENABLE_MODULES = YES;
				CLANG_ENABLE_OBJC_ARC = YES;
				CLANG_WARN_BLOCK_CAPTURE_AUTORELEASING = YES;
				CLANG_WARN_BOOL_CONVERSION = YES;
				CLANG_WARN_COMMA = YES;
				CLANG_WARN_CONSTANT_CONVERSION = YES;
				CLANG_WARN_DIRECT_OBJC_ISA_USAGE = YES_ERROR;
				CLANG_WARN_DOCUMENTATION_COMMENTS = YES;
				CLANG_WARN_EMPTY_BODY = YES;
				CLANG_WARN_ENUM_CONVERSION = YES;
				CLANG_WARN_INFINITE_RECURSION = YES;
				CLANG_WARN_INT_CONVERSION = YES;
				CLANG_WARN_NON_LITERAL_NULL_CONVERSION = YES;
				CLANG_WARN_OBJC_LITERAL_CONVERSION = YES;
				CLANG_WARN_OBJC_ROOT_CLASS = YES_ERROR;
				CLANG_WARN_RANGE_LOOP_ANALYSIS = YES;
				CLANG_WARN_STRICT_PROTOTYPES = YES;
				CLANG_WARN_SUSPICIOUS_MOVE = YES;
				CLANG_WARN_UNGUARDED_AVAILABILITY = YES_AGGRESSIVE;
				CLANG_WARN_UNREACHABLE_CODE = YES;
				CLANG_WARN__DUPLICATE_METHOD_MATCH = YES;
				CODE_SIGN_IDENTITY = "iPhone Developer";
				COPY_PHASE_STRIP = NO;
				DEBUG_INFORMATION_FORMAT = dwarf;
				ENABLE_STRICT_OBJC_MSGSEND = YES;
				ENABLE_TESTABILITY = YES;
				GCC_C_LANGUAGE_STANDARD = gnu11;
				GCC_DYNAMIC_NO_PIC = NO;
				GCC_NO_COMMON_BLOCKS = YES;
				GCC_OPTIMIZATION_LEVEL = 0;
				GCC_PREPROCESSOR_DEFINITIONS = (
					"DEBUG=1",
					"$(inherited)",
				);
				GCC_WARN_64_TO_32_BIT_CONVERSION = YES;
				GCC_WARN_ABOUT_RETURN_TYPE = YES_ERROR;
				GCC_WARN_UNDECLARED_SELECTOR = YES;
				GCC_WARN_UNINITIALIZED_AUTOS = YES_AGGRESSIVE;
				GCC_WARN_UNUSED_FUNCTION = YES;
				GCC_WARN_UNUSED_VARIABLE = YES;
				IPHONEOS_DEPLOYMENT_TARGET = 11.2;
				MTL_ENABLE_DEBUG_INFO = YES;
				ONLY_ACTIVE_ARCH = YES;
				SDKROOT = iphoneos;
			};
			name = Debug;
		};
		D3BEF4CD204642BA00904267 /* Release */ = {
			isa = XCBuildConfiguration;
			buildSettings = {
				ALWAYS_SEARCH_USER_PATHS = NO;
				CLANG_ANALYZER_NONNULL = YES;
				CLANG_ANALYZER_NUMBER_OBJECT_CONVERSION = YES_AGGRESSIVE;
				CLANG_CXX_LANGUAGE_STANDARD = "gnu++14";
				CLANG_CXX_LIBRARY = "libc++";
				CLANG_ENABLE_MODULES = YES;
				CLANG_ENABLE_OBJC_ARC = YES;
				CLANG_WARN_BLOCK_CAPTURE_AUTORELEASING = YES;
				CLANG_WARN_BOOL_CONVERSION = YES;
				CLANG_WARN_COMMA = YES;
				CLANG_WARN_CONSTANT_CONVERSION = YES;
				CLANG_WARN_DIRECT_OBJC_ISA_USAGE = YES_ERROR;
				CLANG_WARN_DOCUMENTATION_COMMENTS = YES;
				CLANG_WARN_EMPTY_BODY = YES;
				CLANG_WARN_ENUM_CONVERSION = YES;
				CLANG_WARN_INFINITE_RECURSION = YES;
				CLANG_WARN_INT_CONVERSION = YES;
				CLANG_WARN_NON_LITERAL_NULL_CONVERSION = YES;
				CLANG_WARN_OBJC_LITERAL_CONVERSION = YES;
				CLANG_WARN_OBJC_ROOT_CLASS = YES_ERROR;
				CLANG_WARN_RANGE_LOOP_ANALYSIS = YES;
				CLANG_WARN_STRICT_PROTOTYPES = YES;
				CLANG_WARN_SUSPICIOUS_MOVE = YES;
				CLANG_WARN_UNGUARDED_AVAILABILITY = YES_AGGRESSIVE;
				CLANG_WARN_UNREACHABLE_CODE = YES;
				CLANG_WARN__DUPLICATE_METHOD_MATCH = YES;
				CODE_SIGN_IDENTITY = "iPhone Developer";
				COPY_PHASE_STRIP = NO;
				DEBUG_INFORMATION_FORMAT = "dwarf-with-dsym";
				ENABLE_NS_ASSERTIONS = NO;
				ENABLE_STRICT_OBJC_MSGSEND = YES;
				GCC_C_LANGUAGE_STANDARD = gnu11;
				GCC_NO_COMMON_BLOCKS = YES;
				GCC_WARN_64_TO_32_BIT_CONVERSION = YES;
				GCC_WARN_ABOUT_RETURN_TYPE = YES_ERROR;
				GCC_WARN_UNDECLARED_SELECTOR = YES;
				GCC_WARN_UNINITIALIZED_AUTOS = YES_AGGRESSIVE;
				GCC_WARN_UNUSED_FUNCTION = YES;
				GCC_WARN_UNUSED_VARIABLE = YES;
				IPHONEOS_DEPLOYMENT_TARGET = 11.2;
				MTL_ENABLE_DEBUG_INFO = NO;
				SDKROOT = iphoneos;
				VALIDATE_PRODUCT = YES;
			};
			name = Release;
		};
		D3BEF4CF204642BA00904267 /* Debug */ = {
			isa = XCBuildConfiguration;
			buildSettings = {
				ASSETCATALOG_COMPILER_APPICON_NAME = AppIcon;
				CODE_SIGN_STYLE = Automatic;
				DEVELOPMENT_TEAM = 8ZZS76SEL5;
				ENABLE_STRICT_OBJC_MSGSEND = NO;
				INFOPLIST_FILE = iOSTips/Info.plist;
				IPHONEOS_DEPLOYMENT_TARGET = 10.0;
				LD_RUNPATH_SEARCH_PATHS = "$(inherited) @executable_path/Frameworks";
				PRODUCT_BUNDLE_IDENTIFIER = com.brian.iOSTips;
				PRODUCT_NAME = "$(TARGET_NAME)";
				TARGETED_DEVICE_FAMILY = "1,2";
			};
			name = Debug;
		};
		D3BEF4D0204642BA00904267 /* Release */ = {
			isa = XCBuildConfiguration;
			buildSettings = {
				ASSETCATALOG_COMPILER_APPICON_NAME = AppIcon;
				CODE_SIGN_STYLE = Automatic;
				DEVELOPMENT_TEAM = 8ZZS76SEL5;
				ENABLE_STRICT_OBJC_MSGSEND = NO;
				INFOPLIST_FILE = iOSTips/Info.plist;
				IPHONEOS_DEPLOYMENT_TARGET = 10.0;
				LD_RUNPATH_SEARCH_PATHS = "$(inherited) @executable_path/Frameworks";
				PRODUCT_BUNDLE_IDENTIFIER = com.brian.iOSTips;
				PRODUCT_NAME = "$(TARGET_NAME)";
				TARGETED_DEVICE_FAMILY = "1,2";
			};
			name = Release;
		};
/* End XCBuildConfiguration section */

/* Begin XCConfigurationList section */
		D3BEF4B3204642BA00904267 /* Build configuration list for PBXProject "iOSTips" */ = {
			isa = XCConfigurationList;
			buildConfigurations = (
				D3BEF4CC204642BA00904267 /* Debug */,
				D3BEF4CD204642BA00904267 /* Release */,
			);
			defaultConfigurationIsVisible = 0;
			defaultConfigurationName = Release;
		};
		D3BEF4CE204642BA00904267 /* Build configuration list for PBXNativeTarget "iOSTips" */ = {
			isa = XCConfigurationList;
			buildConfigurations = (
				D3BEF4CF204642BA00904267 /* Debug */,
				D3BEF4D0204642BA00904267 /* Release */,
			);
			defaultConfigurationIsVisible = 0;
			defaultConfigurationName = Release;
		};
/* End XCConfigurationList section */
	};
	rootObject = D3BEF4B0204642BA00904267 /* Project object */;
}
